dependencies:
- name: node-feature-discovery
  repository: https://kubernetes-sigs.github.io/node-feature-discovery/charts
  version: 0.16.1
- name: kmm
  repository: file://./charts/kmm
  version: v1.0.0
- name: remediation-crds
  repository: file://./charts/remediation-crds
  version: v1.0.0
digest: sha256:4c6b1f3224839e54d1523759be597d20ca2fc6508eb17fda2992a95a00e1fd70
generated: "2026-02-23T09:27:25.914887646Z"
