dependencies:
- name: node-feature-discovery
  repository: https://kubernetes-sigs.github.io/node-feature-discovery/charts
  version: 0.16.1
- name: kmm
  repository: file://./charts/kmm
  version: v1.0.0
- name: remediation-controller
  repository: file://./charts/remediation
  version: v1.0.0
digest: sha256:41fa6a6232514acebf6abdcb1bccaf087e134b9f413b8fa33a7fec1f58a99e07
generated: "2026-01-28T11:30:26.115644041Z"
